{
  "name": "glom-auth-api",
  "version": "1.0.1",
  "lockfileVersion": 3,
  "requires": true,
  "packages": {
    "": {
      "name": "glom-auth-api",
      "version": "1.0.1",
      "dependencies": {
        "express": "^4.21.0"
      }
    }
  },
  "dependencies": {
    "express": {
      "version": "^4.21.0",
      "requires": {}
    }
  }
}